
Microsoft Visual Studio Solution File, Format Version 12.00
# Visual Studio Version 17
VisualStudioVersion = 17.14.36221.1 d17.14
MinimumVisualStudioVersion = 10.0.40219.1
Project("{FAE04EC0-301F-11D3-BF4B-00C04F79EFBC}") = "APP 1", "APP 1.csproj", "{E3B50EE0-2567-44F5-85C9-F5F01F54D20D}"
EndProject
Global
	GlobalSection(SolutionConfigurationPlatforms) = preSolution
		Debug|Any CPU = Debug|Any CPU
		Release|Any CPU = Release|Any CPU
	EndGlobalSection
	GlobalSection(ProjectConfigurationPlatforms) = postSolution
		{E3B50EE0-2567-44F5-85C9-F5F01F54D20D}.Debug|Any CPU.ActiveCfg = Debug|Any CPU
		{E3B50EE0-2567-44F5-85C9-F5F01F54D20D}.Debug|Any CPU.Build.0 = Debug|Any CPU
		{E3B50EE0-2567-44F5-85C9-F5F01F54D20D}.Release|Any CPU.ActiveCfg = Release|Any CPU
		{E3B50EE0-2567-44F5-85C9-F5F01F54D20D}.Release|Any CPU.Build.0 = Release|Any CPU
	EndGlobalSection
	GlobalSection(SolutionProperties) = preSolution
		HideSolutionNode = FALSE
	EndGlobalSection
	GlobalSection(ExtensibilityGlobals) = postSolution
		SolutionGuid = {2DBA79F5-376C-4018-AB40-8CF2B4CC1713}
	EndGlobalSection
EndGlobal
